
Microsoft Visual Studio Solution File, Format Version 12.00
# Visual Studio Version 17
VisualStudioVersion = 17.11.35303.130
MinimumVisualStudioVersion = 10.0.40219.1
Project("{FAE04EC0-301F-11D3-BF4B-00C04F79EFBC}") = "API", "API\API.csproj", "{E0CC377C-603E-47F1-802E-4F8CD46DCA7B}"
EndProject
Project("{FAE04EC0-301F-11D3-BF4B-00C04F79EFBC}") = "System Design", "System Design\System Design.csproj", "{5BFDE5E1-DB78-498A-8311-C1DBE031E18C}"
EndProject
Global
	GlobalSection(SolutionConfigurationPlatforms) = preSolution
		Debug|Any CPU = Debug|Any CPU
		Release|Any CPU = Release|Any CPU
	EndGlobalSection
	GlobalSection(ProjectConfigurationPlatforms) = postSolution
		{E0CC377C-603E-47F1-802E-4F8CD46DCA7B}.Debug|Any CPU.ActiveCfg = Debug|Any CPU
		{E0CC377C-603E-47F1-802E-4F8CD46DCA7B}.Debug|Any CPU.Build.0 = Debug|Any CPU
		{E0CC377C-603E-47F1-802E-4F8CD46DCA7B}.Release|Any CPU.ActiveCfg = Release|Any CPU
		{E0CC377C-603E-47F1-802E-4F8CD46DCA7B}.Release|Any CPU.Build.0 = Release|Any CPU
		{5BFDE5E1-DB78-498A-8311-C1DBE031E18C}.Debug|Any CPU.ActiveCfg = Debug|Any CPU
		{5BFDE5E1-DB78-498A-8311-C1DBE031E18C}.Debug|Any CPU.Build.0 = Debug|Any CPU
		{5BFDE5E1-DB78-498A-8311-C1DBE031E18C}.Release|Any CPU.ActiveCfg = Release|Any CPU
		{5BFDE5E1-DB78-498A-8311-C1DBE031E18C}.Release|Any CPU.Build.0 = Release|Any CPU
	EndGlobalSection
	GlobalSection(SolutionProperties) = preSolution
		HideSolutionNode = FALSE
	EndGlobalSection
	GlobalSection(ExtensibilityGlobals) = postSolution
		SolutionGuid = {7B6921C1-6F07-457B-9BED-1EC5DF4EF56A}
	EndGlobalSection
EndGlobal
